<?xml version="1.0" encoding="utf-8"?>
<Project ToolsVersion="4.0" xmlns="http://schemas.microsoft.com/developer/msbuild/2003">
  <ItemGroup>
    <Filter Include="Source Files">
      <UniqueIdentifier>{4FC737F1-C7A5-4376-A066-2A32D752A2FF}</UniqueIdentifier>
      <Extensions>qml;cpp;c;cc;cxx;def;odl;idl;hpj;bat;asm;asmx</Extensions>
    </Filter>
    <Filter Include="Header Files">
      <UniqueIdentifier>{93995380-89BD-4b04-88EB-625FBE52EBFB}</UniqueIdentifier>
      <Extensions>h;hh;hpp;hxx;hm;inl;inc;xsd</Extensions>
    </Filter>
    <Filter Include="Resource Files">
      <UniqueIdentifier>{67DA6AB6-F800-4c08-8B7A-83BB121AAD01}</UniqueIdentifier>
      <Extensions>qrc;rc;ico;cur;bmp;dlg;rc2;rct;bin;rgs;gif;jpg;jpeg;jpe;resx;tiff;tif;png;wav;mfcribbon-ms</Extensions>
    </Filter>
    <Filter Include="Form Files">
      <UniqueIdentifier>{99349809-55BA-4b9d-BF79-8FDBB0286EB3}</UniqueIdentifier>
      <Extensions>ui</Extensions>
    </Filter>
    <Filter Include="Translation Files">
      <UniqueIdentifier>{639EADAA-A684-42e4-A9AD-28FC9BCB8F7C}</UniqueIdentifier>
      <Extensions>ts</Extensions>
    </Filter>
    <Filter Include="Features">
      <UniqueIdentifier>{76b1926d-421c-4655-bc9c-75b042b19d32}</UniqueIdentifier>
    </Filter>
    <Filter Include="Features\MainWindow">
      <UniqueIdentifier>{f0b4d563-c466-4a17-a56c-014c76747fe1}</UniqueIdentifier>
    </Filter>
    <Filter Include="Features\MainWindow\Models">
      <UniqueIdentifier>{1b35e682-eeb4-4a0a-94a2-f4bd4b57f4f0}</UniqueIdentifier>
    </Filter>
    <Filter Include="Features\MainWindow\Views">
      <UniqueIdentifier>{50d601be-9b6b-48fe-8b87-7aa196d83137}</UniqueIdentifier>
    </Filter>
    <Filter Include="Features\MainWindow\Controllers">
      <UniqueIdentifier>{dace246a-a05a-4e67-86af-f420967d1c48}</UniqueIdentifier>
    </Filter>
    <Filter Include="Features\MVCBase">
      <UniqueIdentifier>{91808525-be46-4420-98f3-e55769f08782}</UniqueIdentifier>
    </Filter>
    <Filter Include="Services">
      <UniqueIdentifier>{654be253-8ce1-423e-9db4-e6e15572e3a3}</UniqueIdentifier>
    </Filter>
    <Filter Include="Services\Camera">
      <UniqueIdentifier>{53d1a5b5-b43a-400a-ac39-2e8a0acf2c7b}</UniqueIdentifier>
    </Filter>
    <Filter Include="Services\ImageTransformers">
      <UniqueIdentifier>{e016c956-87b6-4123-862c-2799ebc695d1}</UniqueIdentifier>
    </Filter>
    <Filter Include="Services\ImageProviders">
      <UniqueIdentifier>{76244760-0d22-4098-8fa3-4dd319cd8b83}</UniqueIdentifier>
    </Filter>
    <Filter Include="Services\Config">
      <UniqueIdentifier>{e388dd4c-a1b7-4b31-b34c-9b4a0c3d8737}</UniqueIdentifier>
    </Filter>
    <Filter Include="Services\LightControl">
      <UniqueIdentifier>{3ffe0f4c-1d83-4f8d-b576-fae1069ab878}</UniqueIdentifier>
    </Filter>
    <Filter Include="Features\DeviceView">
      <UniqueIdentifier>{5cafb1a5-f4cb-475c-9919-142c51b36944}</UniqueIdentifier>
    </Filter>
    <Filter Include="Features\DeviceView\Views">
      <UniqueIdentifier>{bc57397d-7896-452a-9234-9b328d77ab2f}</UniqueIdentifier>
    </Filter>
    <Filter Include="Features\DeviceView\Controllers">
      <UniqueIdentifier>{f31af73a-055d-43c8-9db5-0a5afdf05fa7}</UniqueIdentifier>
    </Filter>
    <Filter Include="Features\DeviceView\Models">
      <UniqueIdentifier>{8e812ebd-cb85-4c13-a0a9-705697ac231f}</UniqueIdentifier>
    </Filter>
    <Filter Include="Services\Factories">
      <UniqueIdentifier>{5f5d4bcd-a7f0-4f90-9b5a-c74a04212e33}</UniqueIdentifier>
    </Filter>
    <Filter Include="Services\Factories\ViewFactory">
      <UniqueIdentifier>{8be74ecd-b47f-474a-a26d-602b9660dc92}</UniqueIdentifier>
    </Filter>
    <Filter Include="Services\Factories\CameraFactory">
      <UniqueIdentifier>{bd3bc2e5-01c1-48cb-90a5-c03742e8adea}</UniqueIdentifier>
    </Filter>
    <Filter Include="BaslerAPI">
      <UniqueIdentifier>{8189a36a-9075-4e27-a273-3931ef6476ab}</UniqueIdentifier>
    </Filter>
    <Filter Include="Features\ConfigurationView">
      <UniqueIdentifier>{e74abee2-02f7-40de-8c16-0c55a64ae886}</UniqueIdentifier>
    </Filter>
    <Filter Include="Features\ConfigurationView\Controllers">
      <UniqueIdentifier>{479faf7b-1e99-4917-9b65-0526f08ce5ba}</UniqueIdentifier>
    </Filter>
    <Filter Include="Features\ConfigurationView\Models">
      <UniqueIdentifier>{d47bdba7-a0db-41a8-bb93-297b8aa308fc}</UniqueIdentifier>
    </Filter>
    <Filter Include="Features\ConfigurationView\Views">
      <UniqueIdentifier>{203c4011-ba7b-4fe7-9ae6-3860b495d37f}</UniqueIdentifier>
    </Filter>
  </ItemGroup>
  <ItemGroup>
    <QtRcc Include="MainWindow.qrc">
      <Filter>Resource Files</Filter>
    </QtRcc>
    <QtUic Include="MainWindow.ui">
      <Filter>Form Files</Filter>
    </QtUic>
  </ItemGroup>
  <ItemGroup>
    <ClCompile Include="main.cpp">
      <Filter>Source Files</Filter>
    </ClCompile>
    <ClCompile Include="MainController.cpp">
      <Filter>Features\MainWindow\Controllers</Filter>
    </ClCompile>
    <ClCompile Include="MainWindow.cpp">
      <Filter>Features\MainWindow\Views</Filter>
    </ClCompile>
    <ClCompile Include="MainModel.cpp">
      <Filter>Features\MainWindow\Models</Filter>
    </ClCompile>
    <ClCompile Include="ModelBase.cpp">
      <Filter>Features\MVCBase</Filter>
    </ClCompile>
    <ClCompile Include="WindowBase.cpp">
      <Filter>Features\MVCBase</Filter>
    </ClCompile>
    <ClCompile Include="WindowControllerBase.cpp">
      <Filter>Features\MVCBase</Filter>
    </ClCompile>
    <ClCompile Include="AppStore.cpp">
      <Filter>Source Files</Filter>
    </ClCompile>
    <ClCompile Include="ImageProvider.cpp">
      <Filter>Services\ImageProviders</Filter>
    </ClCompile>
    <ClCompile Include="Camera.cpp">
      <Filter>Services\Camera</Filter>
    </ClCompile>
    <ClCompile Include="ImageTransformer.cpp">
      <Filter>Services\ImageTransformers</Filter>
    </ClCompile>
    <ClCompile Include="RoiTransformer.cpp">
      <Filter>Services\ImageTransformers</Filter>
    </ClCompile>
    <ClCompile Include="RoiConfig.cpp">
      <Filter>Services\Config</Filter>
    </ClCompile>
    <ClCompile Include="LightControlConfig.cpp">
      <Filter>Services\Config</Filter>
    </ClCompile>
    <ClCompile Include="CameraConfig.cpp">
      <Filter>Services\Config</Filter>
    </ClCompile>
    <ClCompile Include="LightControl.cpp">
      <Filter>Services\LightControl</Filter>
    </ClCompile>
    <ClCompile Include="AppConfig.cpp">
      <Filter>Services\Config</Filter>
    </ClCompile>
    <ClCompile Include="BaslerCameraConfig.cpp">
      <Filter>Services\Config</Filter>
    </ClCompile>
    <ClCompile Include="AppSetup.cpp">
      <Filter>Source Files</Filter>
    </ClCompile>
    <ClCompile Include="DeviceView.cpp">
      <Filter>Features\DeviceView\Views</Filter>
    </ClCompile>
    <ClCompile Include="DeviceController.cpp">
      <Filter>Features\DeviceView\Controllers</Filter>
    </ClCompile>
    <ClCompile Include="DeviceModel.cpp">
      <Filter>Features\DeviceView\Models</Filter>
    </ClCompile>
    <ClCompile Include="WidgetControllerBase.cpp">
      <Filter>Features\MVCBase</Filter>
    </ClCompile>
    <ClCompile Include="BaslerCamera.cpp">
      <Filter>Services\Camera</Filter>
    </ClCompile>
    <ClCompile Include="ViewFactory.cpp">
      <Filter>Services\Factories\ViewFactory</Filter>
    </ClCompile>
    <ClCompile Include="CameraFactory.cpp">
      <Filter>Services\Factories\CameraFactory</Filter>
    </ClCompile>
    <ClCompile Include="..\BaslerAPI\BaslerCameraCameraParams.cpp">
      <Filter>BaslerAPI</Filter>
    </ClCompile>
    <ClCompile Include="..\BaslerAPI\BaslerCameraChunkDataParams.cpp">
      <Filter>BaslerAPI</Filter>
    </ClCompile>
    <ClCompile Include="..\BaslerAPI\BaslerCameraEventParams.cpp">
      <Filter>BaslerAPI</Filter>
    </ClCompile>
    <ClCompile Include="..\BaslerAPI\BaslerCameraStreamParams.cpp">
      <Filter>BaslerAPI</Filter>
    </ClCompile>
    <ClCompile Include="..\BaslerAPI\BaslerCameraTLParams.cpp">
      <Filter>BaslerAPI</Filter>
    </ClCompile>
    <ClCompile Include="ConfigurationView.cpp">
      <Filter>Features\ConfigurationView\Views</Filter>
    </ClCompile>
    <ClCompile Include="ConfigurationModel.cpp">
      <Filter>Features\ConfigurationView\Models</Filter>
    </ClCompile>
    <ClCompile Include="ConfigurationController.cpp">
      <Filter>Features\ConfigurationView\Controllers</Filter>
    </ClCompile>
    <ClCompile Include="Helper.cpp">
      <Filter>Source Files</Filter>
    </ClCompile>
    <ClCompile Include="MockConfig.cpp">
      <Filter>Services\Config</Filter>
    </ClCompile>
    <ClCompile Include="RealSenseCameraConfig.cpp">
      <Filter>Services\Config</Filter>
    </ClCompile>
  </ItemGroup>
  <ItemGroup>
    <QtMoc Include="MainController.h">
      <Filter>Features\MainWindow\Controllers</Filter>
    </QtMoc>
    <QtMoc Include="MainWindow.h">
      <Filter>Features\MainWindow\Views</Filter>
    </QtMoc>
    <QtMoc Include="MainModel.h">
      <Filter>Features\MainWindow\Models</Filter>
    </QtMoc>
    <QtMoc Include="ModelBase.h">
      <Filter>Features\MVCBase</Filter>
    </QtMoc>
    <QtMoc Include="WindowBase.h">
      <Filter>Features\MVCBase</Filter>
    </QtMoc>
    <QtMoc Include="WindowControllerBase.h">
      <Filter>Features\MVCBase</Filter>
    </QtMoc>
    <QtMoc Include="Camera.h">
      <Filter>Services\Camera</Filter>
    </QtMoc>
    <QtMoc Include="ImageProvider.h">
      <Filter>Services\ImageProviders</Filter>
    </QtMoc>
    <QtMoc Include="ImageTransformer.h">
      <Filter>Services\ImageTransformers</Filter>
    </QtMoc>
    <QtMoc Include="RoiTransformer.h">
      <Filter>Services\ImageTransformers</Filter>
    </QtMoc>
    <QtMoc Include="RoiConfig.h">
      <Filter>Services\Config</Filter>
    </QtMoc>
    <QtMoc Include="LightControlConfig.h">
      <Filter>Services\Config</Filter>
    </QtMoc>
    <QtMoc Include="CameraConfig.h">
      <Filter>Services\Config</Filter>
    </QtMoc>
    <QtMoc Include="LightControl.h">
      <Filter>Services\LightControl</Filter>
    </QtMoc>
    <QtMoc Include="AppConfig.h">
      <Filter>Services\Config</Filter>
    </QtMoc>
    <QtMoc Include="BaslerCameraConfig.h">
      <Filter>Services\Config</Filter>
    </QtMoc>
    <QtMoc Include="DeviceView.h">
      <Filter>Features\DeviceView\Views</Filter>
    </QtMoc>
    <QtMoc Include="DeviceController.h">
      <Filter>Features\DeviceView\Controllers</Filter>
    </QtMoc>
    <QtMoc Include="DeviceModel.h">
      <Filter>Features\DeviceView\Models</Filter>
    </QtMoc>
    <QtMoc Include="WidgetControllerBase.h">
      <Filter>Features\MVCBase</Filter>
    </QtMoc>
    <QtMoc Include="BaslerCamera.h">
      <Filter>Services\Camera</Filter>
    </QtMoc>
    <QtMoc Include="ConfigurationView.h">
      <Filter>Features\ConfigurationView\Views</Filter>
    </QtMoc>
    <QtMoc Include="ConfigurationModel.h">
      <Filter>Features\ConfigurationView\Models</Filter>
    </QtMoc>
    <QtMoc Include="ConfigurationController.h">
      <Filter>Features\ConfigurationView\Controllers</Filter>
    </QtMoc>
    <QtMoc Include="MockConfig.h">
      <Filter>Services\Config</Filter>
    </QtMoc>
    <QtMoc Include="RealSenseCameraConfig.h">
      <Filter>Services\Config</Filter>
    </QtMoc>
  </ItemGroup>
  <ItemGroup>
    <ClInclude Include="AppStore.h">
      <Filter>Header Files</Filter>
    </ClInclude>
    <ClInclude Include="AppSetup.h">
      <Filter>Header Files</Filter>
    </ClInclude>
    <ClInclude Include="ViewFactory.h">
      <Filter>Services\Factories\ViewFactory</Filter>
    </ClInclude>
    <ClInclude Include="CameraFactory.h">
      <Filter>Services\Factories\CameraFactory</Filter>
    </ClInclude>
    <ClInclude Include="..\BaslerAPI\BaslerCamera.h">
      <Filter>BaslerAPI</Filter>
    </ClInclude>
    <ClInclude Include="..\BaslerAPI\BaslerCameraArray.h">
      <Filter>BaslerAPI</Filter>
    </ClInclude>
    <ClInclude Include="..\BaslerAPI\BaslerCameraCameraEventHandler.h">
      <Filter>BaslerAPI</Filter>
    </ClInclude>
    <ClInclude Include="..\BaslerAPI\BaslerCameraCameraParams.h">
      <Filter>BaslerAPI</Filter>
    </ClInclude>
    <ClInclude Include="..\BaslerAPI\BaslerCameraChunkDataParams.h">
      <Filter>BaslerAPI</Filter>
    </ClInclude>
    <ClInclude Include="..\BaslerAPI\BaslerCameraConfigurationEventHandler.h">
      <Filter>BaslerAPI</Filter>
    </ClInclude>
    <ClInclude Include="..\BaslerAPI\BaslerCameraEventParams.h">
      <Filter>BaslerAPI</Filter>
    </ClInclude>
    <ClInclude Include="..\BaslerAPI\BaslerCameraGrabResultData.h">
      <Filter>BaslerAPI</Filter>
    </ClInclude>
    <ClInclude Include="..\BaslerAPI\BaslerCameraGrabResultPtr.h">
      <Filter>BaslerAPI</Filter>
    </ClInclude>
    <ClInclude Include="..\BaslerAPI\BaslerCameraImageEventHandler.h">
      <Filter>BaslerAPI</Filter>
    </ClInclude>
    <ClInclude Include="..\BaslerAPI\BaslerCameraStreamParams.h">
      <Filter>BaslerAPI</Filter>
    </ClInclude>
    <ClInclude Include="..\BaslerAPI\BaslerCameraTLParams.h">
      <Filter>BaslerAPI</Filter>
    </ClInclude>
    <ClInclude Include="Helper.h">
      <Filter>Header Files</Filter>
    </ClInclude>
    <ClInclude Include="CallbackTypes.h">
      <Filter>Header Files</Filter>
    </ClInclude>
  </ItemGroup>
</Project>